
Microsoft Visual Studio Solution File, Format Version 12.00
# Visual Studio Version 17
VisualStudioVersion = 17.4.33122.133
MinimumVisualStudioVersion = 10.0.40219.1
Project("{9A19103F-16F7-4668-BE54-9A1E7A4F7556}") = "ViisApp", "ViisApp\ViisApp.csproj", "{CAAD022E-4FE3-4E9A-BF86-8032C26D996D}"
EndProject
Project("{9A19103F-16F7-4668-BE54-9A1E7A4F7556}") = "Test", "Test\Test.csproj", "{F5A0C2D8-D0ED-4DF1-9044-8F82269B70A4}"
EndProject
Project("{9A19103F-16F7-4668-BE54-9A1E7A4F7556}") = "MatchModeCreater", "MatchModeCreater\MatchModeCreater.csproj", "{9C06608E-650E-4B4B-94F1-2562C594095D}"
EndProject
Global
	GlobalSection(SolutionConfigurationPlatforms) = preSolution
		Debug|Any CPU = Debug|Any CPU
		Debug|x64 = Debug|x64
		Debug|x86 = Debug|x86
		Release|Any CPU = Release|Any CPU
		Release|x64 = Release|x64
		Release|x86 = Release|x86
	EndGlobalSection
	GlobalSection(ProjectConfigurationPlatforms) = postSolution
		{CAAD022E-4FE3-4E9A-BF86-8032C26D996D}.Debug|Any CPU.ActiveCfg = Debug|Any CPU
		{CAAD022E-4FE3-4E9A-BF86-8032C26D996D}.Debug|Any CPU.Build.0 = Debug|Any CPU
		{CAAD022E-4FE3-4E9A-BF86-8032C26D996D}.Debug|x64.ActiveCfg = Debug|Any CPU
		{CAAD022E-4FE3-4E9A-BF86-8032C26D996D}.Debug|x64.Build.0 = Debug|Any CPU
		{CAAD022E-4FE3-4E9A-BF86-8032C26D996D}.Debug|x86.ActiveCfg = Debug|Any CPU
		{CAAD022E-4FE3-4E9A-BF86-8032C26D996D}.Debug|x86.Build.0 = Debug|Any CPU
		{CAAD022E-4FE3-4E9A-BF86-8032C26D996D}.Release|Any CPU.ActiveCfg = Release|Any CPU
		{CAAD022E-4FE3-4E9A-BF86-8032C26D996D}.Release|Any CPU.Build.0 = Release|Any CPU
		{CAAD022E-4FE3-4E9A-BF86-8032C26D996D}.Release|x64.ActiveCfg = Release|Any CPU
		{CAAD022E-4FE3-4E9A-BF86-8032C26D996D}.Release|x64.Build.0 = Release|Any CPU
		{CAAD022E-4FE3-4E9A-BF86-8032C26D996D}.Release|x86.ActiveCfg = Release|Any CPU
		{CAAD022E-4FE3-4E9A-BF86-8032C26D996D}.Release|x86.Build.0 = Release|Any CPU
		{F5A0C2D8-D0ED-4DF1-9044-8F82269B70A4}.Debug|Any CPU.ActiveCfg = Debug|Any CPU
		{F5A0C2D8-D0ED-4DF1-9044-8F82269B70A4}.Debug|Any CPU.Build.0 = Debug|Any CPU
		{F5A0C2D8-D0ED-4DF1-9044-8F82269B70A4}.Debug|x64.ActiveCfg = Debug|Any CPU
		{F5A0C2D8-D0ED-4DF1-9044-8F82269B70A4}.Debug|x64.Build.0 = Debug|Any CPU
		{F5A0C2D8-D0ED-4DF1-9044-8F82269B70A4}.Debug|x86.ActiveCfg = Debug|Any CPU
		{F5A0C2D8-D0ED-4DF1-9044-8F82269B70A4}.Debug|x86.Build.0 = Debug|Any CPU
		{F5A0C2D8-D0ED-4DF1-9044-8F82269B70A4}.Release|Any CPU.ActiveCfg = Release|Any CPU
		{F5A0C2D8-D0ED-4DF1-9044-8F82269B70A4}.Release|Any CPU.Build.0 = Release|Any CPU
		{F5A0C2D8-D0ED-4DF1-9044-8F82269B70A4}.Release|x64.ActiveCfg = Release|Any CPU
		{F5A0C2D8-D0ED-4DF1-9044-8F82269B70A4}.Release|x64.Build.0 = Release|Any CPU
		{F5A0C2D8-D0ED-4DF1-9044-8F82269B70A4}.Release|x86.ActiveCfg = Release|Any CPU
		{F5A0C2D8-D0ED-4DF1-9044-8F82269B70A4}.Release|x86.Build.0 = Release|Any CPU
		{9C06608E-650E-4B4B-94F1-2562C594095D}.Debug|Any CPU.ActiveCfg = Debug|Any CPU
		{9C06608E-650E-4B4B-94F1-2562C594095D}.Debug|Any CPU.Build.0 = Debug|Any CPU
		{9C06608E-650E-4B4B-94F1-2562C594095D}.Debug|x64.ActiveCfg = Debug|Any CPU
		{9C06608E-650E-4B4B-94F1-2562C594095D}.Debug|x64.Build.0 = Debug|Any CPU
		{9C06608E-650E-4B4B-94F1-2562C594095D}.Debug|x86.ActiveCfg = Debug|Any CPU
		{9C06608E-650E-4B4B-94F1-2562C594095D}.Debug|x86.Build.0 = Debug|Any CPU
		{9C06608E-650E-4B4B-94F1-2562C594095D}.Release|Any CPU.ActiveCfg = Release|Any CPU
		{9C06608E-650E-4B4B-94F1-2562C594095D}.Release|Any CPU.Build.0 = Release|Any CPU
		{9C06608E-650E-4B4B-94F1-2562C594095D}.Release|x64.ActiveCfg = Release|Any CPU
		{9C06608E-650E-4B4B-94F1-2562C594095D}.Release|x64.Build.0 = Release|Any CPU
		{9C06608E-650E-4B4B-94F1-2562C594095D}.Release|x86.ActiveCfg = Release|Any CPU
		{9C06608E-650E-4B4B-94F1-2562C594095D}.Release|x86.Build.0 = Release|Any CPU
	EndGlobalSection
	GlobalSection(SolutionProperties) = preSolution
		HideSolutionNode = FALSE
	EndGlobalSection
	GlobalSection(ExtensibilityGlobals) = postSolution
		SolutionGuid = {DC1A49D9-327B-4E07-B4EB-26C7B4D964CE}
	EndGlobalSection
EndGlobal
